
Microsoft Visual Studio Solution File, Format Version 12.00
# Visual Studio Version 17
VisualStudioVersion = 17.14.36518.9 d17.14
MinimumVisualStudioVersion = 10.0.40219.1
Project("{FAE04EC0-301F-11D3-BF4B-00C04F79EFBC}") = "AI_4_SE_BattleShip", "AI_4_SE_BattleShip\AI_4_SE_BattleShip.csproj", "{0000A804-F7B6-40AA-B351-091E9F3E6198}"
EndProject
Global
	GlobalSection(SolutionConfigurationPlatforms) = preSolution
		Debug|Any CPU = Debug|Any CPU
		Release|Any CPU = Release|Any CPU
	EndGlobalSection
	GlobalSection(ProjectConfigurationPlatforms) = postSolution
		{0000A804-F7B6-40AA-B351-091E9F3E6198}.Debug|Any CPU.ActiveCfg = Debug|Any CPU
		{0000A804-F7B6-40AA-B351-091E9F3E6198}.Debug|Any CPU.Build.0 = Debug|Any CPU
		{0000A804-F7B6-40AA-B351-091E9F3E6198}.Release|Any CPU.ActiveCfg = Release|Any CPU
		{0000A804-F7B6-40AA-B351-091E9F3E6198}.Release|Any CPU.Build.0 = Release|Any CPU
	EndGlobalSection
	GlobalSection(SolutionProperties) = preSolution
		HideSolutionNode = FALSE
	EndGlobalSection
	GlobalSection(ExtensibilityGlobals) = postSolution
		SolutionGuid = {694E9768-CACF-4239-B256-972ED9C5E2AA}
	EndGlobalSection
EndGlobal
